{
  "originHash" : "c48d77ebe93e854e8e2b4bbddf1d5fe4977e5a87efa4e14ea29c90b3e5919e31",
  "pins" : [
    {
      "identity" : "mapbox-common-ios",
      "kind" : "remoteSourceControl",
      "location" : "https://github.com/mapbox/mapbox-common-ios.git",
      "state" : {
        "revision" : "add54e4b7d4cfe1e12600d73af6d38a536b37085",
        "version" : "24.5.0"
      }
    },
    {
      "identity" : "mapbox-core-maps-ios",
      "kind" : "remoteSourceControl",
      "location" : "https://github.com/mapbox/mapbox-core-maps-ios.git",
      "state" : {
        "revision" : "5d5d126c7a0f743b05c8889437e788fdd2356308",
        "version" : "11.5.0"
      }
    },
    {
      "identity" : "mapbox-maps-ios",
      "kind" : "remoteSourceControl",
      "location" : "https://github.com/mapbox/mapbox-maps-ios.git",
      "state" : {
        "branch" : "main",
        "revision" : "833d90ca591fd24ca3bdea0e4298e943b8a949cd"
      }
    },
    {
      "identity" : "turf-swift",
      "kind" : "remoteSourceControl",
      "location" : "https://github.com/mapbox/turf-swift.git",
      "state" : {
        "revision" : "213050191cfcb3d5aa76e1fa90c6ff1e182a42ca",
        "version" : "2.8.0"
      }
    }
  ],
  "version" : 3
}
