PODS:
  - app_links (0.0.1):
    - Flutter
  - BigInt (5.2.0)
  - camera_avfoundation (0.0.1):
    - Flutter
  - curvelib.swift (1.0.1)
  - device_info_plus (0.0.1):
    - Flutter
  - Flutter (1.0.0)
  - flutter_native_splash (0.0.1):
    - Flutter
  - fluttertoast (0.0.2):
    - Flutter
    - Toast
  - geolocator_apple (1.2.0):
    - Flutter
  - KeychainSwift (20.0.0)
  - local_auth_darwin (0.0.1):
    - Flutter
  - mapbox_maps_flutter (2.0.0):
    - Flutter
    - MapboxMaps (~> 11.4.0)
    - Turf (= 2.8.0)
  - MapboxCommon (24.4.0)
  - MapboxCoreMaps (11.4.0):
    - MapboxCommon (~> 24.4)
  - MapboxMaps (11.4.0):
    - MapboxCommon (= 24.4.0)
    - MapboxCoreMaps (= 11.4.0)
    - Turf (= 2.8.0)
  - MTBBarcodeScanner (5.0.11)
  - path_provider_foundation (0.0.1):
    - Flutter
    - FlutterMacOS
  - qr_code_scanner (0.2.0):
    - Flutter
    - MTBBarcodeScanner
  - shared_preferences_foundation (0.0.1):
    - Flutter
    - FlutterMacOS
  - Toast (4.1.1)
  - TorusSessionManager (4.0.2):
    - curvelib.swift (~> 1.0.1)
    - KeychainSwift (~> 20.0.0)
  - Turf (2.8.0)
  - twitter_login (0.0.1):
    - Flutter
  - url_launcher_ios (0.0.1):
    - Flutter
  - vibration (1.7.5):
    - Flutter
  - Web3Auth (8.3.0):
    - BigInt (~> 5.2.0)
    - curvelib.swift (~> 1.0.1)
    - KeychainSwift (~> 20.0.0)
    - TorusSessionManager (~> 4.0.2)
  - web3auth_flutter (2.0.1):
    - Flutter
    - Web3Auth (~> 8.3.0)

DEPENDENCIES:
  - app_links (from `.symlinks/plugins/app_links/ios`)
  - camera_avfoundation (from `.symlinks/plugins/camera_avfoundation/ios`)
  - device_info_plus (from `.symlinks/plugins/device_info_plus/ios`)
  - Flutter (from `Flutter`)
  - flutter_native_splash (from `.symlinks/plugins/flutter_native_splash/ios`)
  - fluttertoast (from `.symlinks/plugins/fluttertoast/ios`)
  - geolocator_apple (from `.symlinks/plugins/geolocator_apple/ios`)
  - local_auth_darwin (from `.symlinks/plugins/local_auth_darwin/darwin`)
  - mapbox_maps_flutter (from `.symlinks/plugins/mapbox_maps_flutter/ios`)
  - path_provider_foundation (from `.symlinks/plugins/path_provider_foundation/darwin`)
  - qr_code_scanner (from `.symlinks/plugins/qr_code_scanner/ios`)
  - shared_preferences_foundation (from `.symlinks/plugins/shared_preferences_foundation/darwin`)
  - twitter_login (from `.symlinks/plugins/twitter_login/ios`)
  - url_launcher_ios (from `.symlinks/plugins/url_launcher_ios/ios`)
  - vibration (from `.symlinks/plugins/vibration/ios`)
  - web3auth_flutter (from `.symlinks/plugins/web3auth_flutter/ios`)

SPEC REPOS:
  trunk:
    - BigInt
    - curvelib.swift
    - KeychainSwift
    - MapboxCommon
    - MapboxCoreMaps
    - MapboxMaps
    - MTBBarcodeScanner
    - Toast
    - TorusSessionManager
    - Turf
    - Web3Auth

EXTERNAL SOURCES:
  app_links:
    :path: ".symlinks/plugins/app_links/ios"
  camera_avfoundation:
    :path: ".symlinks/plugins/camera_avfoundation/ios"
  device_info_plus:
    :path: ".symlinks/plugins/device_info_plus/ios"
  Flutter:
    :path: Flutter
  flutter_native_splash:
    :path: ".symlinks/plugins/flutter_native_splash/ios"
  fluttertoast:
    :path: ".symlinks/plugins/fluttertoast/ios"
  geolocator_apple:
    :path: ".symlinks/plugins/geolocator_apple/ios"
  local_auth_darwin:
    :path: ".symlinks/plugins/local_auth_darwin/darwin"
  mapbox_maps_flutter:
    :path: ".symlinks/plugins/mapbox_maps_flutter/ios"
  path_provider_foundation:
    :path: ".symlinks/plugins/path_provider_foundation/darwin"
  qr_code_scanner:
    :path: ".symlinks/plugins/qr_code_scanner/ios"
  shared_preferences_foundation:
    :path: ".symlinks/plugins/shared_preferences_foundation/darwin"
  twitter_login:
    :path: ".symlinks/plugins/twitter_login/ios"
  url_launcher_ios:
    :path: ".symlinks/plugins/url_launcher_ios/ios"
  vibration:
    :path: ".symlinks/plugins/vibration/ios"
  web3auth_flutter:
    :path: ".symlinks/plugins/web3auth_flutter/ios"

SPEC CHECKSUMS:
  app_links: e70ca16b4b0f88253b3b3660200d4a10b4ea9795
  BigInt: f668a80089607f521586bbe29513d708491ef2f7
  camera_avfoundation: dd002b0330f4981e1bbcb46ae9b62829237459a4
  curvelib.swift: d0746ae82bee34016c06da3567a97e493b3c979f
  device_info_plus: 97af1d7e84681a90d0693e63169a5d50e0839a0d
  Flutter: e0871f40cf51350855a761d2e70bf5af5b9b5de7
  flutter_native_splash: edf599c81f74d093a4daf8e17bd7a018854bc778
  fluttertoast: e9a18c7be5413da53898f660530c56f35edfba9c
  geolocator_apple: 6cbaf322953988e009e5ecb481f07efece75c450
  KeychainSwift: 0ce6a4d13f7228054d1a71bb1b500448fb2ab837
  local_auth_darwin: 4d56c90c2683319835a61274b57620df9c4520ab
  mapbox_maps_flutter: 6b7ea767ed02514e0b796d5a2e48ba83b71bac01
  MapboxCommon: 6acbd8ff41d66abf498e1558b0739f25c562945a
  MapboxCoreMaps: f306bb1b10ebe995a2247b40e99322ab7f9b8071
  MapboxMaps: 82044383ae19ec124ff444ec4b5d3ce82cb36ba5
  MTBBarcodeScanner: f453b33c4b7dfe545d8c6484ed744d55671788cb
  path_provider_foundation: 2b6b4c569c0fb62ec74538f866245ac84301af46
  qr_code_scanner: bb67d64904c3b9658ada8c402e8b4d406d5d796e
  shared_preferences_foundation: fcdcbc04712aee1108ac7fda236f363274528f78
  Toast: 1f5ea13423a1e6674c4abdac5be53587ae481c4e
  TorusSessionManager: 05a1a8f3265d0949a1a342c4ba2c52882445b614
  Turf: aa2ede4298009639d10db36aba1a7ebaad072a5e
  twitter_login: 2794db69b7640681171b17b3c2c84ad9dfb4a57f
  url_launcher_ios: 5334b05cef931de560670eeae103fd3e431ac3fe
  vibration: 7d883d141656a1c1a6d8d238616b2042a51a1241
  Web3Auth: 98ec9787e52e813c7ee83f73fa10ba5f52187907
  web3auth_flutter: 96419124086e0083994e390b0c7cc86e441c3006

PODFILE CHECKSUM: b655bf1da257fd7bd296dcda4bc387720f089bb1

COCOAPODS: 1.15.2
